
Microsoft Visual Studio Solution File, Format Version 12.00
# Visual Studio Version 17
VisualStudioVersion = 17.9.34728.123
MinimumVisualStudioVersion = 10.0.40219.1
Project("{9A19103F-16F7-4668-BE54-9A1E7A4F7556}") = "CufeAptDocsFrontend", "CufeAptDocsFrontend\CufeAptDocsFrontend.csproj", "{8C950D8E-A68A-48E6-8A2D-21C28D5E3343}"
EndProject
Project("{FAE04EC0-301F-11D3-BF4B-00C04F79EFBC}") = "CufeAptDocsOTServer", "CufeAptDocsOTServer\CufeAptDocsOTServer.csproj", "{BFCB4484-B868-40E2-802C-2A3B3E42FFF5}"
EndProject
Global
	GlobalSection(SolutionConfigurationPlatforms) = preSolution
		Debug|Any CPU = Debug|Any CPU
		Release|Any CPU = Release|Any CPU
	EndGlobalSection
	GlobalSection(ProjectConfigurationPlatforms) = postSolution
		{8C950D8E-A68A-48E6-8A2D-21C28D5E3343}.Debug|Any CPU.ActiveCfg = Debug|Any CPU
		{8C950D8E-A68A-48E6-8A2D-21C28D5E3343}.Debug|Any CPU.Build.0 = Debug|Any CPU
		{8C950D8E-A68A-48E6-8A2D-21C28D5E3343}.Release|Any CPU.ActiveCfg = Release|Any CPU
		{8C950D8E-A68A-48E6-8A2D-21C28D5E3343}.Release|Any CPU.Build.0 = Release|Any CPU
		{BFCB4484-B868-40E2-802C-2A3B3E42FFF5}.Debug|Any CPU.ActiveCfg = Debug|Any CPU
		{BFCB4484-B868-40E2-802C-2A3B3E42FFF5}.Debug|Any CPU.Build.0 = Debug|Any CPU
		{BFCB4484-B868-40E2-802C-2A3B3E42FFF5}.Release|Any CPU.ActiveCfg = Release|Any CPU
		{BFCB4484-B868-40E2-802C-2A3B3E42FFF5}.Release|Any CPU.Build.0 = Release|Any CPU
	EndGlobalSection
	GlobalSection(SolutionProperties) = preSolution
		HideSolutionNode = FALSE
	EndGlobalSection
	GlobalSection(ExtensibilityGlobals) = postSolution
		SolutionGuid = {AEADF7F0-AC9D-4F43-B844-C22EADCCD174}
	EndGlobalSection
EndGlobal
